// !$*UTF8*$!
{
	archiveVersion = 1;
	classes = {
	};
	objectVersion = 56;
	objects = {

/* Begin PBXBuildFile section */
		8DE7C0502A24ECC8004853A1 /* TouchDownApp.swift in Sources */ = {isa = PBXBuildFile; fileRef = 8DE7C04F2A24ECC8004853A1 /* TouchDownApp.swift */; };
		8DE7C0522A24ECC8004853A1 /* ContentView.swift in Sources */ = {isa = PBXBuildFile; fileRef = 8DE7C0512A24ECC8004853A1 /* ContentView.swift */; };
		8DE7C0542A24ECCC004853A1 /* Assets.xcassets in Resources */ = {isa = PBXBuildFile; fileRef = 8DE7C0532A24ECCC004853A1 /* Assets.xcassets */; };
		8DE7C0572A24ECCC004853A1 /* Preview Assets.xcassets in Resources */ = {isa = PBXBuildFile; fileRef = 8DE7C0562A24ECCC004853A1 /* Preview Assets.xcassets */; };
		8DE7C0612A24F504004853A1 /* brand.json in Resources */ = {isa = PBXBuildFile; fileRef = 8DE7C05D2A24F503004853A1 /* brand.json */; };
		8DE7C0622A24F504004853A1 /* category.json in Resources */ = {isa = PBXBuildFile; fileRef = 8DE7C05E2A24F503004853A1 /* category.json */; };
		8DE7C0632A24F504004853A1 /* product.json in Resources */ = {isa = PBXBuildFile; fileRef = 8DE7C05F2A24F504004853A1 /* product.json */; };
		8DE7C0642A24F504004853A1 /* player.json in Resources */ = {isa = PBXBuildFile; fileRef = 8DE7C0602A24F504004853A1 /* player.json */; };
		8DE7C0702A24F6D7004853A1 /* Constants.swift in Sources */ = {isa = PBXBuildFile; fileRef = 8DE7C06F2A24F6D7004853A1 /* Constants.swift */; };
		8DE7C0722A24F76D004853A1 /* FooterView.swift in Sources */ = {isa = PBXBuildFile; fileRef = 8DE7C0712A24F76D004853A1 /* FooterView.swift */; };
		8DE7C0742A24F987004853A1 /* NavigationBarView.swift in Sources */ = {isa = PBXBuildFile; fileRef = 8DE7C0732A24F987004853A1 /* NavigationBarView.swift */; };
		8DE7C0762A24FA2A004853A1 /* LogoView.swift in Sources */ = {isa = PBXBuildFile; fileRef = 8DE7C0752A24FA2A004853A1 /* LogoView.swift */; };
		8DE7C0782A250826004853A1 /* PlayerModel.swift in Sources */ = {isa = PBXBuildFile; fileRef = 8DE7C0772A250826004853A1 /* PlayerModel.swift */; };
		8DE7C07A2A250870004853A1 /* CodableBundleExtension.swift in Sources */ = {isa = PBXBuildFile; fileRef = 8DE7C0792A250870004853A1 /* CodableBundleExtension.swift */; };
		8DE7C07C2A2508CA004853A1 /* FeaturedItemView.swift in Sources */ = {isa = PBXBuildFile; fileRef = 8DE7C07B2A2508CA004853A1 /* FeaturedItemView.swift */; };
		8DE7C07E2A25091A004853A1 /* FeaturedTabView.swift in Sources */ = {isa = PBXBuildFile; fileRef = 8DE7C07D2A25091A004853A1 /* FeaturedTabView.swift */; };
		8DE7C0802A250C1D004853A1 /* CategoryModel.swift in Sources */ = {isa = PBXBuildFile; fileRef = 8DE7C07F2A250C1D004853A1 /* CategoryModel.swift */; };
		8DE7C0822A250C3B004853A1 /* BrandModel.swift in Sources */ = {isa = PBXBuildFile; fileRef = 8DE7C0812A250C3B004853A1 /* BrandModel.swift */; };
		8DE7C0842A250C48004853A1 /* ProductModel.swift in Sources */ = {isa = PBXBuildFile; fileRef = 8DE7C0832A250C48004853A1 /* ProductModel.swift */; };
		8DE7C0862A250CCA004853A1 /* CategoryItemView.swift in Sources */ = {isa = PBXBuildFile; fileRef = 8DE7C0852A250CCA004853A1 /* CategoryItemView.swift */; };
		8DE7C0882A250D69004853A1 /* CategoryGridView.swift in Sources */ = {isa = PBXBuildFile; fileRef = 8DE7C0872A250D69004853A1 /* CategoryGridView.swift */; };
		8DE7C08A2A250E8E004853A1 /* SectionView.swift in Sources */ = {isa = PBXBuildFile; fileRef = 8DE7C0892A250E8E004853A1 /* SectionView.swift */; };
		8DE7C08C2A2512EA004853A1 /* TitleView.swift in Sources */ = {isa = PBXBuildFile; fileRef = 8DE7C08B2A2512EA004853A1 /* TitleView.swift */; };
		8DE7C08E2A251457004853A1 /* ProductItemView.swift in Sources */ = {isa = PBXBuildFile; fileRef = 8DE7C08D2A251457004853A1 /* ProductItemView.swift */; };
		8DE7C0902A251883004853A1 /* BrandItemView.swift in Sources */ = {isa = PBXBuildFile; fileRef = 8DE7C08F2A251883004853A1 /* BrandItemView.swift */; };
		8DE7C0922A251986004853A1 /* BrandGridView.swift in Sources */ = {isa = PBXBuildFile; fileRef = 8DE7C0912A251986004853A1 /* BrandGridView.swift */; };
		8DE7C0942A251E19004853A1 /* ProductDetailView.swift in Sources */ = {isa = PBXBuildFile; fileRef = 8DE7C0932A251E19004853A1 /* ProductDetailView.swift */; };
		8DE7C0962A251EFC004853A1 /* NavigationBarDetailView.swift in Sources */ = {isa = PBXBuildFile; fileRef = 8DE7C0952A251EFC004853A1 /* NavigationBarDetailView.swift */; };
		8DE7C0982A252174004853A1 /* HeaderDetailView.swift in Sources */ = {isa = PBXBuildFile; fileRef = 8DE7C0972A252174004853A1 /* HeaderDetailView.swift */; };
		8DE7C09A2A2521DC004853A1 /* TopPartDetailView.swift in Sources */ = {isa = PBXBuildFile; fileRef = 8DE7C0992A2521DC004853A1 /* TopPartDetailView.swift */; };
		8DE7C09C2A2523F8004853A1 /* CustomShape.swift in Sources */ = {isa = PBXBuildFile; fileRef = 8DE7C09B2A2523F8004853A1 /* CustomShape.swift */; };
		8DE7C09E2A252559004853A1 /* RatingSizesDetailView.swift in Sources */ = {isa = PBXBuildFile; fileRef = 8DE7C09D2A252559004853A1 /* RatingSizesDetailView.swift */; };
		8DE7C0A02A252787004853A1 /* QuantityFavouriteDetailView.swift in Sources */ = {isa = PBXBuildFile; fileRef = 8DE7C09F2A252787004853A1 /* QuantityFavouriteDetailView.swift */; };
		8DE7C0A22A252A84004853A1 /* AddToCartDetailView.swift in Sources */ = {isa = PBXBuildFile; fileRef = 8DE7C0A12A252A84004853A1 /* AddToCartDetailView.swift */; };
		8DE7C0A42A252D37004853A1 /* Shop.swift in Sources */ = {isa = PBXBuildFile; fileRef = 8DE7C0A32A252D37004853A1 /* Shop.swift */; };
/* End PBXBuildFile section */

/* Begin PBXFileReference section */
		8DE7C04C2A24ECC8004853A1 /* TouchDown.app */ = {isa = PBXFileReference; explicitFileType = wrapper.application; includeInIndex = 0; path = TouchDown.app; sourceTree = BUILT_PRODUCTS_DIR; };
		8DE7C04F2A24ECC8004853A1 /* TouchDownApp.swift */ = {isa = PBXFileReference; lastKnownFileType = sourcecode.swift; path = TouchDownApp.swift; sourceTree = "<group>"; };
		8DE7C0512A24ECC8004853A1 /* ContentView.swift */ = {isa = PBXFileReference; lastKnownFileType = sourcecode.swift; path = ContentView.swift; sourceTree = "<group>"; };
		8DE7C0532A24ECCC004853A1 /* Assets.xcassets */ = {isa = PBXFileReference; lastKnownFileType = folder.assetcatalog; path = Assets.xcassets; sourceTree = "<group>"; };
		8DE7C0562A24ECCC004853A1 /* Preview Assets.xcassets */ = {isa = PBXFileReference; lastKnownFileType = folder.assetcatalog; path = "Preview Assets.xcassets"; sourceTree = "<group>"; };
		8DE7C05D2A24F503004853A1 /* brand.json */ = {isa = PBXFileReference; fileEncoding = 4; lastKnownFileType = text.json; path = brand.json; sourceTree = "<group>"; };
		8DE7C05E2A24F503004853A1 /* category.json */ = {isa = PBXFileReference; fileEncoding = 4; lastKnownFileType = text.json; path = category.json; sourceTree = "<group>"; };
		8DE7C05F2A24F504004853A1 /* product.json */ = {isa = PBXFileReference; fileEncoding = 4; lastKnownFileType = text.json; path = product.json; sourceTree = "<group>"; };
		8DE7C0602A24F504004853A1 /* player.json */ = {isa = PBXFileReference; fileEncoding = 4; lastKnownFileType = text.json; path = player.json; sourceTree = "<group>"; };
		8DE7C0672A24F546004853A1 /* Info.plist */ = {isa = PBXFileReference; lastKnownFileType = text.plist; path = Info.plist; sourceTree = "<group>"; };
		8DE7C06F2A24F6D7004853A1 /* Constants.swift */ = {isa = PBXFileReference; lastKnownFileType = sourcecode.swift; path = Constants.swift; sourceTree = "<group>"; };
		8DE7C0712A24F76D004853A1 /* FooterView.swift */ = {isa = PBXFileReference; lastKnownFileType = sourcecode.swift; path = FooterView.swift; sourceTree = "<group>"; };
		8DE7C0732A24F987004853A1 /* NavigationBarView.swift */ = {isa = PBXFileReference; lastKnownFileType = sourcecode.swift; path = NavigationBarView.swift; sourceTree = "<group>"; };
		8DE7C0752A24FA2A004853A1 /* LogoView.swift */ = {isa = PBXFileReference; lastKnownFileType = sourcecode.swift; path = LogoView.swift; sourceTree = "<group>"; };
		8DE7C0772A250826004853A1 /* PlayerModel.swift */ = {isa = PBXFileReference; lastKnownFileType = sourcecode.swift; path = PlayerModel.swift; sourceTree = "<group>"; };
		8DE7C0792A250870004853A1 /* CodableBundleExtension.swift */ = {isa = PBXFileReference; lastKnownFileType = sourcecode.swift; path = CodableBundleExtension.swift; sourceTree = "<group>"; };
		8DE7C07B2A2508CA004853A1 /* FeaturedItemView.swift */ = {isa = PBXFileReference; lastKnownFileType = sourcecode.swift; path = FeaturedItemView.swift; sourceTree = "<group>"; };
		8DE7C07D2A25091A004853A1 /* FeaturedTabView.swift */ = {isa = PBXFileReference; lastKnownFileType = sourcecode.swift; path = FeaturedTabView.swift; sourceTree = "<group>"; };
		8DE7C07F2A250C1D004853A1 /* CategoryModel.swift */ = {isa = PBXFileReference; lastKnownFileType = sourcecode.swift; path = CategoryModel.swift; sourceTree = "<group>"; };
		8DE7C0812A250C3B004853A1 /* BrandModel.swift */ = {isa = PBXFileReference; lastKnownFileType = sourcecode.swift; path = BrandModel.swift; sourceTree = "<group>"; };
		8DE7C0832A250C48004853A1 /* ProductModel.swift */ = {isa = PBXFileReference; lastKnownFileType = sourcecode.swift; path = ProductModel.swift; sourceTree = "<group>"; };
		8DE7C0852A250CCA004853A1 /* CategoryItemView.swift */ = {isa = PBXFileReference; lastKnownFileType = sourcecode.swift; path = CategoryItemView.swift; sourceTree = "<group>"; };
		8DE7C0872A250D69004853A1 /* CategoryGridView.swift */ = {isa = PBXFileReference; lastKnownFileType = sourcecode.swift; path = CategoryGridView.swift; sourceTree = "<group>"; };
		8DE7C0892A250E8E004853A1 /* SectionView.swift */ = {isa = PBXFileReference; lastKnownFileType = sourcecode.swift; path = SectionView.swift; sourceTree = "<group>"; };
		8DE7C08B2A2512EA004853A1 /* TitleView.swift */ = {isa = PBXFileReference; lastKnownFileType = sourcecode.swift; path = TitleView.swift; sourceTree = "<group>"; };
		8DE7C08D2A251457004853A1 /* ProductItemView.swift */ = {isa = PBXFileReference; lastKnownFileType = sourcecode.swift; path = ProductItemView.swift; sourceTree = "<group>"; };
		8DE7C08F2A251883004853A1 /* BrandItemView.swift */ = {isa = PBXFileReference; lastKnownFileType = sourcecode.swift; path = BrandItemView.swift; sourceTree = "<group>"; };
		8DE7C0912A251986004853A1 /* BrandGridView.swift */ = {isa = PBXFileReference; lastKnownFileType = sourcecode.swift; path = BrandGridView.swift; sourceTree = "<group>"; };
		8DE7C0932A251E19004853A1 /* ProductDetailView.swift */ = {isa = PBXFileReference; lastKnownFileType = sourcecode.swift; path = ProductDetailView.swift; sourceTree = "<group>"; };
		8DE7C0952A251EFC004853A1 /* NavigationBarDetailView.swift */ = {isa = PBXFileReference; lastKnownFileType = sourcecode.swift; path = NavigationBarDetailView.swift; sourceTree = "<group>"; };
		8DE7C0972A252174004853A1 /* HeaderDetailView.swift */ = {isa = PBXFileReference; lastKnownFileType = sourcecode.swift; path = HeaderDetailView.swift; sourceTree = "<group>"; };
		8DE7C0992A2521DC004853A1 /* TopPartDetailView.swift */ = {isa = PBXFileReference; lastKnownFileType = sourcecode.swift; path = TopPartDetailView.swift; sourceTree = "<group>"; };
		8DE7C09B2A2523F8004853A1 /* CustomShape.swift */ = {isa = PBXFileReference; lastKnownFileType = sourcecode.swift; path = CustomShape.swift; sourceTree = "<group>"; };
		8DE7C09D2A252559004853A1 /* RatingSizesDetailView.swift */ = {isa = PBXFileReference; lastKnownFileType = sourcecode.swift; path = RatingSizesDetailView.swift; sourceTree = "<group>"; };
		8DE7C09F2A252787004853A1 /* QuantityFavouriteDetailView.swift */ = {isa = PBXFileReference; lastKnownFileType = sourcecode.swift; path = QuantityFavouriteDetailView.swift; sourceTree = "<group>"; };
		8DE7C0A12A252A84004853A1 /* AddToCartDetailView.swift */ = {isa = PBXFileReference; lastKnownFileType = sourcecode.swift; path = AddToCartDetailView.swift; sourceTree = "<group>"; };
		8DE7C0A32A252D37004853A1 /* Shop.swift */ = {isa = PBXFileReference; lastKnownFileType = sourcecode.swift; path = Shop.swift; sourceTree = "<group>"; };
/* End PBXFileReference section */

/* Begin PBXFrameworksBuildPhase section */
		8DE7C0492A24ECC8004853A1 /* Frameworks */ = {
			isa = PBXFrameworksBuildPhase;
			buildActionMask = 2147483647;
			files = (
			);
			runOnlyForDeploymentPostprocessing = 0;
		};
/* End PBXFrameworksBuildPhase section */

/* Begin PBXGroup section */
		8DE7C0432A24ECC8004853A1 = {
			isa = PBXGroup;
			children = (
				8DE7C04E2A24ECC8004853A1 /* TouchDown */,
				8DE7C04D2A24ECC8004853A1 /* Products */,
			);
			sourceTree = "<group>";
		};
		8DE7C04D2A24ECC8004853A1 /* Products */ = {
			isa = PBXGroup;
			children = (
				8DE7C04C2A24ECC8004853A1 /* TouchDown.app */,
			);
			name = Products;
			sourceTree = "<group>";
		};
		8DE7C04E2A24ECC8004853A1 /* TouchDown */ = {
			isa = PBXGroup;
			children = (
				8DE7C0682A24F603004853A1 /* App */,
				8DE7C0692A24F60C004853A1 /* View */,
				8DE7C0662A24F517004853A1 /* Data */,
				8DE7C06C2A24F634004853A1 /* Model */,
				8DE7C06D2A24F67B004853A1 /* Extension */,
				8DE7C06E2A24F686004853A1 /* Utility */,
				8DE7C0532A24ECCC004853A1 /* Assets.xcassets */,
				8DE7C0672A24F546004853A1 /* Info.plist */,
				8DE7C0552A24ECCC004853A1 /* Preview Content */,
			);
			path = TouchDown;
			sourceTree = "<group>";
		};
		8DE7C0552A24ECCC004853A1 /* Preview Content */ = {
			isa = PBXGroup;
			children = (
				8DE7C0562A24ECCC004853A1 /* Preview Assets.xcassets */,
			);
			path = "Preview Content";
			sourceTree = "<group>";
		};
		8DE7C0662A24F517004853A1 /* Data */ = {
			isa = PBXGroup;
			children = (
				8DE7C05D2A24F503004853A1 /* brand.json */,
				8DE7C05E2A24F503004853A1 /* category.json */,
				8DE7C0602A24F504004853A1 /* player.json */,
				8DE7C05F2A24F504004853A1 /* product.json */,
			);
			path = Data;
			sourceTree = "<group>";
		};
		8DE7C0682A24F603004853A1 /* App */ = {
			isa = PBXGroup;
			children = (
				8DE7C04F2A24ECC8004853A1 /* TouchDownApp.swift */,
				8DE7C0512A24ECC8004853A1 /* ContentView.swift */,
				8DE7C0932A251E19004853A1 /* ProductDetailView.swift */,
			);
			path = App;
			sourceTree = "<group>";
		};
		8DE7C0692A24F60C004853A1 /* View */ = {
			isa = PBXGroup;
			children = (
				8DE7C06A2A24F624004853A1 /* Home */,
				8DE7C06B2A24F62A004853A1 /* Detail */,
			);
			path = View;
			sourceTree = "<group>";
		};
		8DE7C06A2A24F624004853A1 /* Home */ = {
			isa = PBXGroup;
			children = (
				8DE7C0712A24F76D004853A1 /* FooterView.swift */,
				8DE7C0732A24F987004853A1 /* NavigationBarView.swift */,
				8DE7C0752A24FA2A004853A1 /* LogoView.swift */,
				8DE7C07B2A2508CA004853A1 /* FeaturedItemView.swift */,
				8DE7C07D2A25091A004853A1 /* FeaturedTabView.swift */,
				8DE7C0852A250CCA004853A1 /* CategoryItemView.swift */,
				8DE7C0872A250D69004853A1 /* CategoryGridView.swift */,
				8DE7C0892A250E8E004853A1 /* SectionView.swift */,
				8DE7C08B2A2512EA004853A1 /* TitleView.swift */,
				8DE7C08D2A251457004853A1 /* ProductItemView.swift */,
				8DE7C08F2A251883004853A1 /* BrandItemView.swift */,
				8DE7C0912A251986004853A1 /* BrandGridView.swift */,
			);
			path = Home;
			sourceTree = "<group>";
		};
		8DE7C06B2A24F62A004853A1 /* Detail */ = {
			isa = PBXGroup;
			children = (
				8DE7C0952A251EFC004853A1 /* NavigationBarDetailView.swift */,
				8DE7C0972A252174004853A1 /* HeaderDetailView.swift */,
				8DE7C0992A2521DC004853A1 /* TopPartDetailView.swift */,
				8DE7C09D2A252559004853A1 /* RatingSizesDetailView.swift */,
				8DE7C09F2A252787004853A1 /* QuantityFavouriteDetailView.swift */,
				8DE7C0A12A252A84004853A1 /* AddToCartDetailView.swift */,
			);
			path = Detail;
			sourceTree = "<group>";
		};
		8DE7C06C2A24F634004853A1 /* Model */ = {
			isa = PBXGroup;
			children = (
				8DE7C0772A250826004853A1 /* PlayerModel.swift */,
				8DE7C07F2A250C1D004853A1 /* CategoryModel.swift */,
				8DE7C0812A250C3B004853A1 /* BrandModel.swift */,
				8DE7C0832A250C48004853A1 /* ProductModel.swift */,
			);
			path = Model;
			sourceTree = "<group>";
		};
		8DE7C06D2A24F67B004853A1 /* Extension */ = {
			isa = PBXGroup;
			children = (
				8DE7C0792A250870004853A1 /* CodableBundleExtension.swift */,
			);
			path = Extension;
			sourceTree = "<group>";
		};
		8DE7C06E2A24F686004853A1 /* Utility */ = {
			isa = PBXGroup;
			children = (
				8DE7C09B2A2523F8004853A1 /* CustomShape.swift */,
				8DE7C06F2A24F6D7004853A1 /* Constants.swift */,
				8DE7C0A32A252D37004853A1 /* Shop.swift */,
			);
			path = Utility;
			sourceTree = "<group>";
		};
/* End PBXGroup section */

/* Begin PBXNativeTarget section */
		8DE7C04B2A24ECC8004853A1 /* TouchDown */ = {
			isa = PBXNativeTarget;
			buildConfigurationList = 8DE7C05A2A24ECCC004853A1 /* Build configuration list for PBXNativeTarget "TouchDown" */;
			buildPhases = (
				8DE7C0482A24ECC8004853A1 /* Sources */,
				8DE7C0492A24ECC8004853A1 /* Frameworks */,
				8DE7C04A2A24ECC8004853A1 /* Resources */,
			);
			buildRules = (
			);
			dependencies = (
			);
			name = TouchDown;
			productName = TouchDown;
			productReference = 8DE7C04C2A24ECC8004853A1 /* TouchDown.app */;
			productType = "com.apple.product-type.application";
		};
/* End PBXNativeTarget section */

/* Begin PBXProject section */
		8DE7C0442A24ECC8004853A1 /* Project object */ = {
			isa = PBXProject;
			attributes = {
				BuildIndependentTargetsInParallel = 1;
				LastSwiftUpdateCheck = 1420;
				LastUpgradeCheck = 1420;
				TargetAttributes = {
					8DE7C04B2A24ECC8004853A1 = {
						CreatedOnToolsVersion = 14.2;
					};
				};
			};
			buildConfigurationList = 8DE7C0472A24ECC8004853A1 /* Build configuration list for PBXProject "TouchDown" */;
			compatibilityVersion = "Xcode 14.0";
			developmentRegion = en;
			hasScannedForEncodings = 0;
			knownRegions = (
				en,
				Base,
			);
			mainGroup = 8DE7C0432A24ECC8004853A1;
			productRefGroup = 8DE7C04D2A24ECC8004853A1 /* Products */;
			projectDirPath = "";
			projectRoot = "";
			targets = (
				8DE7C04B2A24ECC8004853A1 /* TouchDown */,
			);
		};
/* End PBXProject section */

/* Begin PBXResourcesBuildPhase section */
		8DE7C04A2A24ECC8004853A1 /* Resources */ = {
			isa = PBXResourcesBuildPhase;
			buildActionMask = 2147483647;
			files = (
				8DE7C0642A24F504004853A1 /* player.json in Resources */,
				8DE7C0572A24ECCC004853A1 /* Preview Assets.xcassets in Resources */,
				8DE7C0542A24ECCC004853A1 /* Assets.xcassets in Resources */,
				8DE7C0612A24F504004853A1 /* brand.json in Resources */,
				8DE7C0622A24F504004853A1 /* category.json in Resources */,
				8DE7C0632A24F504004853A1 /* product.json in Resources */,
			);
			runOnlyForDeploymentPostprocessing = 0;
		};
/* End PBXResourcesBuildPhase section */

/* Begin PBXSourcesBuildPhase section */
		8DE7C0482A24ECC8004853A1 /* Sources */ = {
			isa = PBXSourcesBuildPhase;
			buildActionMask = 2147483647;
			files = (
				8DE7C07A2A250870004853A1 /* CodableBundleExtension.swift in Sources */,
				8DE7C0982A252174004853A1 /* HeaderDetailView.swift in Sources */,
				8DE7C09A2A2521DC004853A1 /* TopPartDetailView.swift in Sources */,
				8DE7C0522A24ECC8004853A1 /* ContentView.swift in Sources */,
				8DE7C0762A24FA2A004853A1 /* LogoView.swift in Sources */,
				8DE7C0A42A252D37004853A1 /* Shop.swift in Sources */,
				8DE7C0882A250D69004853A1 /* CategoryGridView.swift in Sources */,
				8DE7C0862A250CCA004853A1 /* CategoryItemView.swift in Sources */,
				8DE7C0822A250C3B004853A1 /* BrandModel.swift in Sources */,
				8DE7C0A22A252A84004853A1 /* AddToCartDetailView.swift in Sources */,
				8DE7C0922A251986004853A1 /* BrandGridView.swift in Sources */,
				8DE7C0722A24F76D004853A1 /* FooterView.swift in Sources */,
				8DE7C0942A251E19004853A1 /* ProductDetailView.swift in Sources */,
				8DE7C0962A251EFC004853A1 /* NavigationBarDetailView.swift in Sources */,
				8DE7C07C2A2508CA004853A1 /* FeaturedItemView.swift in Sources */,
				8DE7C0502A24ECC8004853A1 /* TouchDownApp.swift in Sources */,
				8DE7C08E2A251457004853A1 /* ProductItemView.swift in Sources */,
				8DE7C0702A24F6D7004853A1 /* Constants.swift in Sources */,
				8DE7C0802A250C1D004853A1 /* CategoryModel.swift in Sources */,
				8DE7C0902A251883004853A1 /* BrandItemView.swift in Sources */,
				8DE7C0842A250C48004853A1 /* ProductModel.swift in Sources */,
				8DE7C09E2A252559004853A1 /* RatingSizesDetailView.swift in Sources */,
				8DE7C08C2A2512EA004853A1 /* TitleView.swift in Sources */,
				8DE7C09C2A2523F8004853A1 /* CustomShape.swift in Sources */,
				8DE7C08A2A250E8E004853A1 /* SectionView.swift in Sources */,
				8DE7C0742A24F987004853A1 /* NavigationBarView.swift in Sources */,
				8DE7C07E2A25091A004853A1 /* FeaturedTabView.swift in Sources */,
				8DE7C0A02A252787004853A1 /* QuantityFavouriteDetailView.swift in Sources */,
				8DE7C0782A250826004853A1 /* PlayerModel.swift in Sources */,
			);
			runOnlyForDeploymentPostprocessing = 0;
		};
/* End PBXSourcesBuildPhase section */

/* Begin XCBuildConfiguration section */
		8DE7C0582A24ECCC004853A1 /* Debug */ = {
			isa = XCBuildConfiguration;
			buildSettings = {
				ALWAYS_SEARCH_USER_PATHS = NO;
				CLANG_ANALYZER_NONNULL = YES;
				CLANG_ANALYZER_NUMBER_OBJECT_CONVERSION = YES_AGGRESSIVE;
				CLANG_CXX_LANGUAGE_STANDARD = "gnu++20";
				CLANG_ENABLE_MODULES = YES;
				CLANG_ENABLE_OBJC_ARC = YES;
				CLANG_ENABLE_OBJC_WEAK = YES;
				CLANG_WARN_BLOCK_CAPTURE_AUTORELEASING = YES;
				CLANG_WARN_BOOL_CONVERSION = YES;
				CLANG_WARN_COMMA = YES;
				CLANG_WARN_CONSTANT_CONVERSION = YES;
				CLANG_WARN_DEPRECATED_OBJC_IMPLEMENTATIONS = YES;
				CLANG_WARN_DIRECT_OBJC_ISA_USAGE = YES_ERROR;
				CLANG_WARN_DOCUMENTATION_COMMENTS = YES;
				CLANG_WARN_EMPTY_BODY = YES;
				CLANG_WARN_ENUM_CONVERSION = YES;
				CLANG_WARN_INFINITE_RECURSION = YES;
				CLANG_WARN_INT_CONVERSION = YES;
				CLANG_WARN_NON_LITERAL_NULL_CONVERSION = YES;
				CLANG_WARN_OBJC_IMPLICIT_RETAIN_SELF = YES;
				CLANG_WARN_OBJC_LITERAL_CONVERSION = YES;
				CLANG_WARN_OBJC_ROOT_CLASS = YES_ERROR;
				CLANG_WARN_QUOTED_INCLUDE_IN_FRAMEWORK_HEADER = YES;
				CLANG_WARN_RANGE_LOOP_ANALYSIS = YES;
				CLANG_WARN_STRICT_PROTOTYPES = YES;
				CLANG_WARN_SUSPICIOUS_MOVE = YES;
				CLANG_WARN_UNGUARDED_AVAILABILITY = YES_AGGRESSIVE;
				CLANG_WARN_UNREACHABLE_CODE = YES;
				CLANG_WARN__DUPLICATE_METHOD_MATCH = YES;
				COPY_PHASE_STRIP = NO;
				DEBUG_INFORMATION_FORMAT = dwarf;
				ENABLE_STRICT_OBJC_MSGSEND = YES;
				ENABLE_TESTABILITY = YES;
				GCC_C_LANGUAGE_STANDARD = gnu11;
				GCC_DYNAMIC_NO_PIC = NO;
				GCC_NO_COMMON_BLOCKS = YES;
				GCC_OPTIMIZATION_LEVEL = 0;
				GCC_PREPROCESSOR_DEFINITIONS = (
					"DEBUG=1",
					"$(inherited)",
				);
				GCC_WARN_64_TO_32_BIT_CONVERSION = YES;
				GCC_WARN_ABOUT_RETURN_TYPE = YES_ERROR;
				GCC_WARN_UNDECLARED_SELECTOR = YES;
				GCC_WARN_UNINITIALIZED_AUTOS = YES_AGGRESSIVE;
				GCC_WARN_UNUSED_FUNCTION = YES;
				GCC_WARN_UNUSED_VARIABLE = YES;
				IPHONEOS_DEPLOYMENT_TARGET = 16.2;
				MTL_ENABLE_DEBUG_INFO = INCLUDE_SOURCE;
				MTL_FAST_MATH = YES;
				ONLY_ACTIVE_ARCH = YES;
				SDKROOT = iphoneos;
				SWIFT_ACTIVE_COMPILATION_CONDITIONS = DEBUG;
				SWIFT_OPTIMIZATION_LEVEL = "-Onone";
			};
			name = Debug;
		};
		8DE7C0592A24ECCC004853A1 /* Release */ = {
			isa = XCBuildConfiguration;
			buildSettings = {
				ALWAYS_SEARCH_USER_PATHS = NO;
				CLANG_ANALYZER_NONNULL = YES;
				CLANG_ANALYZER_NUMBER_OBJECT_CONVERSION = YES_AGGRESSIVE;
				CLANG_CXX_LANGUAGE_STANDARD = "gnu++20";
				CLANG_ENABLE_MODULES = YES;
				CLANG_ENABLE_OBJC_ARC = YES;
				CLANG_ENABLE_OBJC_WEAK = YES;
				CLANG_WARN_BLOCK_CAPTURE_AUTORELEASING = YES;
				CLANG_WARN_BOOL_CONVERSION = YES;
				CLANG_WARN_COMMA = YES;
				CLANG_WARN_CONSTANT_CONVERSION = YES;
				CLANG_WARN_DEPRECATED_OBJC_IMPLEMENTATIONS = YES;
				CLANG_WARN_DIRECT_OBJC_ISA_USAGE = YES_ERROR;
				CLANG_WARN_DOCUMENTATION_COMMENTS = YES;
				CLANG_WARN_EMPTY_BODY = YES;
				CLANG_WARN_ENUM_CONVERSION = YES;
				CLANG_WARN_INFINITE_RECURSION = YES;
				CLANG_WARN_INT_CONVERSION = YES;
				CLANG_WARN_NON_LITERAL_NULL_CONVERSION = YES;
				CLANG_WARN_OBJC_IMPLICIT_RETAIN_SELF = YES;
				CLANG_WARN_OBJC_LITERAL_CONVERSION = YES;
				CLANG_WARN_OBJC_ROOT_CLASS = YES_ERROR;
				CLANG_WARN_QUOTED_INCLUDE_IN_FRAMEWORK_HEADER = YES;
				CLANG_WARN_RANGE_LOOP_ANALYSIS = YES;
				CLANG_WARN_STRICT_PROTOTYPES = YES;
				CLANG_WARN_SUSPICIOUS_MOVE = YES;
				CLANG_WARN_UNGUARDED_AVAILABILITY = YES_AGGRESSIVE;
				CLANG_WARN_UNREACHABLE_CODE = YES;
				CLANG_WARN__DUPLICATE_METHOD_MATCH = YES;
				COPY_PHASE_STRIP = NO;
				DEBUG_INFORMATION_FORMAT = "dwarf-with-dsym";
				ENABLE_NS_ASSERTIONS = NO;
				ENABLE_STRICT_OBJC_MSGSEND = YES;
				GCC_C_LANGUAGE_STANDARD = gnu11;
				GCC_NO_COMMON_BLOCKS = YES;
				GCC_WARN_64_TO_32_BIT_CONVERSION = YES;
				GCC_WARN_ABOUT_RETURN_TYPE = YES_ERROR;
				GCC_WARN_UNDECLARED_SELECTOR = YES;
				GCC_WARN_UNINITIALIZED_AUTOS = YES_AGGRESSIVE;
				GCC_WARN_UNUSED_FUNCTION = YES;
				GCC_WARN_UNUSED_VARIABLE = YES;
				IPHONEOS_DEPLOYMENT_TARGET = 16.2;
				MTL_ENABLE_DEBUG_INFO = NO;
				MTL_FAST_MATH = YES;
				SDKROOT = iphoneos;
				SWIFT_COMPILATION_MODE = wholemodule;
				SWIFT_OPTIMIZATION_LEVEL = "-O";
				VALIDATE_PRODUCT = YES;
			};
			name = Release;
		};
		8DE7C05B2A24ECCC004853A1 /* Debug */ = {
			isa = XCBuildConfiguration;
			buildSettings = {
				ASSETCATALOG_COMPILER_APPICON_NAME = AppIcon;
				ASSETCATALOG_COMPILER_GLOBAL_ACCENT_COLOR_NAME = AccentColor;
				CODE_SIGN_STYLE = Automatic;
				CURRENT_PROJECT_VERSION = 1;
				DEVELOPMENT_ASSET_PATHS = "\"TouchDown/Preview Content\"";
				ENABLE_PREVIEWS = YES;
				GENERATE_INFOPLIST_FILE = YES;
				INFOPLIST_FILE = TouchDown/Info.plist;
				INFOPLIST_KEY_UIApplicationSceneManifest_Generation = YES;
				INFOPLIST_KEY_UIApplicationSupportsIndirectInputEvents = YES;
				INFOPLIST_KEY_UISupportedInterfaceOrientations = UIInterfaceOrientationPortrait;
				INFOPLIST_KEY_UIUserInterfaceStyle = Light;
				LD_RUNPATH_SEARCH_PATHS = (
					"$(inherited)",
					"@executable_path/Frameworks",
				);
				MARKETING_VERSION = 1.0;
				PRODUCT_BUNDLE_IDENTIFIER = com.demo.TouchDown;
				PRODUCT_NAME = "$(TARGET_NAME)";
				SWIFT_EMIT_LOC_STRINGS = YES;
				SWIFT_VERSION = 5.0;
				TARGETED_DEVICE_FAMILY = "1,2";
			};
			name = Debug;
		};
		8DE7C05C2A24ECCC004853A1 /* Release */ = {
			isa = XCBuildConfiguration;
			buildSettings = {
				ASSETCATALOG_COMPILER_APPICON_NAME = AppIcon;
				ASSETCATALOG_COMPILER_GLOBAL_ACCENT_COLOR_NAME = AccentColor;
				CODE_SIGN_STYLE = Automatic;
				CURRENT_PROJECT_VERSION = 1;
				DEVELOPMENT_ASSET_PATHS = "\"TouchDown/Preview Content\"";
				ENABLE_PREVIEWS = YES;
				GENERATE_INFOPLIST_FILE = YES;
				INFOPLIST_FILE = TouchDown/Info.plist;
				INFOPLIST_KEY_UIApplicationSceneManifest_Generation = YES;
				INFOPLIST_KEY_UIApplicationSupportsIndirectInputEvents = YES;
				INFOPLIST_KEY_UISupportedInterfaceOrientations = UIInterfaceOrientationPortrait;
				INFOPLIST_KEY_UIUserInterfaceStyle = Light;
				LD_RUNPATH_SEARCH_PATHS = (
					"$(inherited)",
					"@executable_path/Frameworks",
				);
				MARKETING_VERSION = 1.0;
				PRODUCT_BUNDLE_IDENTIFIER = com.demo.TouchDown;
				PRODUCT_NAME = "$(TARGET_NAME)";
				SWIFT_EMIT_LOC_STRINGS = YES;
				SWIFT_VERSION = 5.0;
				TARGETED_DEVICE_FAMILY = "1,2";
			};
			name = Release;
		};
/* End XCBuildConfiguration section */

/* Begin XCConfigurationList section */
		8DE7C0472A24ECC8004853A1 /* Build configuration list for PBXProject "TouchDown" */ = {
			isa = XCConfigurationList;
			buildConfigurations = (
				8DE7C0582A24ECCC004853A1 /* Debug */,
				8DE7C0592A24ECCC004853A1 /* Release */,
			);
			defaultConfigurationIsVisible = 0;
			defaultConfigurationName = Release;
		};
		8DE7C05A2A24ECCC004853A1 /* Build configuration list for PBXNativeTarget "TouchDown" */ = {
			isa = XCConfigurationList;
			buildConfigurations = (
				8DE7C05B2A24ECCC004853A1 /* Debug */,
				8DE7C05C2A24ECCC004853A1 /* Release */,
			);
			defaultConfigurationIsVisible = 0;
			defaultConfigurationName = Release;
		};
/* End XCConfigurationList section */
	};
	rootObject = 8DE7C0442A24ECC8004853A1 /* Project object */;
}
